
Microsoft Visual Studio Solution File, Format Version 12.00
# Visual Studio Version 16
VisualStudioVersion = 16.0.31129.286
MinimumVisualStudioVersion = 10.0.40219.1
Project("{2150E333-8FDC-42A3-9474-1A3956D46DE8}") = "Repository", "Repository", "{1C917175-98F8-48B5-8BD0-0F9D47111CBE}"
EndProject
Project("{FAE04EC0-301F-11D3-BF4B-00C04F79EFBC}") = "Mentoring.Repository", "Mentoring.Model\Mentoring.Repository.csproj", "{D914717A-0F10-419D-8EB4-EDA415A481E2}"
EndProject
Project("{2150E333-8FDC-42A3-9474-1A3956D46DE8}") = "Services", "Services", "{1369CAAD-2DDE-4B84-9C44-0FF036CF203E}"
EndProject
Project("{2150E333-8FDC-42A3-9474-1A3956D46DE8}") = "Api", "Api", "{6AF6DA6F-4279-496E-A536-D8377ED19FDB}"
EndProject
Project("{FAE04EC0-301F-11D3-BF4B-00C04F79EFBC}") = "Services.Mentorship", "Mentorship\Services.Mentorship.csproj", "{69B9FD5B-49AD-4894-98A2-3B08C04FB8A1}"
EndProject
Project("{FAE04EC0-301F-11D3-BF4B-00C04F79EFBC}") = "TestProgram", "TestProgram\TestProgram.csproj", "{B841F84E-A724-42AF-8DE1-A21AAEDDBDC6}"
EndProject
Global
	GlobalSection(SolutionConfigurationPlatforms) = preSolution
		Debug|Any CPU = Debug|Any CPU
		Release|Any CPU = Release|Any CPU
	EndGlobalSection
	GlobalSection(ProjectConfigurationPlatforms) = postSolution
		{D914717A-0F10-419D-8EB4-EDA415A481E2}.Debug|Any CPU.ActiveCfg = Debug|Any CPU
		{D914717A-0F10-419D-8EB4-EDA415A481E2}.Debug|Any CPU.Build.0 = Debug|Any CPU
		{D914717A-0F10-419D-8EB4-EDA415A481E2}.Release|Any CPU.ActiveCfg = Release|Any CPU
		{D914717A-0F10-419D-8EB4-EDA415A481E2}.Release|Any CPU.Build.0 = Release|Any CPU
		{69B9FD5B-49AD-4894-98A2-3B08C04FB8A1}.Debug|Any CPU.ActiveCfg = Debug|Any CPU
		{69B9FD5B-49AD-4894-98A2-3B08C04FB8A1}.Debug|Any CPU.Build.0 = Debug|Any CPU
		{69B9FD5B-49AD-4894-98A2-3B08C04FB8A1}.Release|Any CPU.ActiveCfg = Release|Any CPU
		{69B9FD5B-49AD-4894-98A2-3B08C04FB8A1}.Release|Any CPU.Build.0 = Release|Any CPU
		{B841F84E-A724-42AF-8DE1-A21AAEDDBDC6}.Debug|Any CPU.ActiveCfg = Debug|Any CPU
		{B841F84E-A724-42AF-8DE1-A21AAEDDBDC6}.Debug|Any CPU.Build.0 = Debug|Any CPU
		{B841F84E-A724-42AF-8DE1-A21AAEDDBDC6}.Release|Any CPU.ActiveCfg = Release|Any CPU
		{B841F84E-A724-42AF-8DE1-A21AAEDDBDC6}.Release|Any CPU.Build.0 = Release|Any CPU
	EndGlobalSection
	GlobalSection(SolutionProperties) = preSolution
		HideSolutionNode = FALSE
	EndGlobalSection
	GlobalSection(NestedProjects) = preSolution
		{D914717A-0F10-419D-8EB4-EDA415A481E2} = {1C917175-98F8-48B5-8BD0-0F9D47111CBE}
		{69B9FD5B-49AD-4894-98A2-3B08C04FB8A1} = {1369CAAD-2DDE-4B84-9C44-0FF036CF203E}
		{B841F84E-A724-42AF-8DE1-A21AAEDDBDC6} = {6AF6DA6F-4279-496E-A536-D8377ED19FDB}
	EndGlobalSection
	GlobalSection(ExtensibilityGlobals) = postSolution
		SolutionGuid = {344108C4-099F-402D-9F4E-F6BDBFD260F9}
	EndGlobalSection
EndGlobal
